// !$*UTF8*$!
{
	archiveVersion = 1;
	classes = {
	};
	objectVersion = 56;
	objects = {

/* Begin PBXBuildFile section */
		F942AD782A48D2AA00A0D0CF /* AppDelegate.swift in Sources */ = {isa = PBXBuildFile; fileRef = F942AD772A48D2AA00A0D0CF /* AppDelegate.swift */; };
		F942AD7A2A48D2AA00A0D0CF /* SceneDelegate.swift in Sources */ = {isa = PBXBuildFile; fileRef = F942AD792A48D2AA00A0D0CF /* SceneDelegate.swift */; };
		F942AD7C2A48D2AA00A0D0CF /* ViewController.swift in Sources */ = {isa = PBXBuildFile; fileRef = F942AD7B2A48D2AA00A0D0CF /* ViewController.swift */; };
		F942AD812A48D2AB00A0D0CF /* Assets.xcassets in Resources */ = {isa = PBXBuildFile; fileRef = F942AD802A48D2AB00A0D0CF /* Assets.xcassets */; };
		F942AD842A48D2AB00A0D0CF /* LaunchScreen.storyboard in Resources */ = {isa = PBXBuildFile; fileRef = F942AD822A48D2AB00A0D0CF /* LaunchScreen.storyboard */; };
		F942AD8F2A48D2AB00A0D0CF /* TheDogAppTests.swift in Sources */ = {isa = PBXBuildFile; fileRef = F942AD8E2A48D2AB00A0D0CF /* TheDogAppTests.swift */; };
		F942AD992A48D2AB00A0D0CF /* TheDogAppUITests.swift in Sources */ = {isa = PBXBuildFile; fileRef = F942AD982A48D2AB00A0D0CF /* TheDogAppUITests.swift */; };
		F942AD9B2A48D2AB00A0D0CF /* TheDogAppUITestsLaunchTests.swift in Sources */ = {isa = PBXBuildFile; fileRef = F942AD9A2A48D2AB00A0D0CF /* TheDogAppUITestsLaunchTests.swift */; };
/* End PBXBuildFile section */

/* Begin PBXContainerItemProxy section */
		F942AD8B2A48D2AB00A0D0CF /* PBXContainerItemProxy */ = {
			isa = PBXContainerItemProxy;
			containerPortal = F942AD6C2A48D2AA00A0D0CF /* Project object */;
			proxyType = 1;
			remoteGlobalIDString = F942AD732A48D2AA00A0D0CF;
			remoteInfo = TheDogApp;
		};
		F942AD952A48D2AB00A0D0CF /* PBXContainerItemProxy */ = {
			isa = PBXContainerItemProxy;
			containerPortal = F942AD6C2A48D2AA00A0D0CF /* Project object */;
			proxyType = 1;
			remoteGlobalIDString = F942AD732A48D2AA00A0D0CF;
			remoteInfo = TheDogApp;
		};
/* End PBXContainerItemProxy section */

/* Begin PBXFileReference section */
		F942AD742A48D2AA00A0D0CF /* TheDogApp.app */ = {isa = PBXFileReference; explicitFileType = wrapper.application; includeInIndex = 0; path = TheDogApp.app; sourceTree = BUILT_PRODUCTS_DIR; };
		F942AD772A48D2AA00A0D0CF /* AppDelegate.swift */ = {isa = PBXFileReference; lastKnownFileType = sourcecode.swift; path = AppDelegate.swift; sourceTree = "<group>"; };
		F942AD792A48D2AA00A0D0CF /* SceneDelegate.swift */ = {isa = PBXFileReference; lastKnownFileType = sourcecode.swift; path = SceneDelegate.swift; sourceTree = "<group>"; };
		F942AD7B2A48D2AA00A0D0CF /* ViewController.swift */ = {isa = PBXFileReference; lastKnownFileType = sourcecode.swift; path = ViewController.swift; sourceTree = "<group>"; };
		F942AD802A48D2AB00A0D0CF /* Assets.xcassets */ = {isa = PBXFileReference; lastKnownFileType = folder.assetcatalog; path = Assets.xcassets; sourceTree = "<group>"; };
		F942AD832A48D2AB00A0D0CF /* Base */ = {isa = PBXFileReference; lastKnownFileType = file.storyboard; name = Base; path = Base.lproj/LaunchScreen.storyboard; sourceTree = "<group>"; };
		F942AD852A48D2AB00A0D0CF /* Info.plist */ = {isa = PBXFileReference; lastKnownFileType = text.plist.xml; path = Info.plist; sourceTree = "<group>"; };
		F942AD8A2A48D2AB00A0D0CF /* TheDogAppTests.xctest */ = {isa = PBXFileReference; explicitFileType = wrapper.cfbundle; includeInIndex = 0; path = TheDogAppTests.xctest; sourceTree = BUILT_PRODUCTS_DIR; };
		F942AD8E2A48D2AB00A0D0CF /* TheDogAppTests.swift */ = {isa = PBXFileReference; lastKnownFileType = sourcecode.swift; path = TheDogAppTests.swift; sourceTree = "<group>"; };
		F942AD942A48D2AB00A0D0CF /* TheDogAppUITests.xctest */ = {isa = PBXFileReference; explicitFileType = wrapper.cfbundle; includeInIndex = 0; path = TheDogAppUITests.xctest; sourceTree = BUILT_PRODUCTS_DIR; };
		F942AD982A48D2AB00A0D0CF /* TheDogAppUITests.swift */ = {isa = PBXFileReference; lastKnownFileType = sourcecode.swift; path = TheDogAppUITests.swift; sourceTree = "<group>"; };
		F942AD9A2A48D2AB00A0D0CF /* TheDogAppUITestsLaunchTests.swift */ = {isa = PBXFileReference; lastKnownFileType = sourcecode.swift; path = TheDogAppUITestsLaunchTests.swift; sourceTree = "<group>"; };
/* End PBXFileReference section */

/* Begin PBXFrameworksBuildPhase section */
		F942AD712A48D2AA00A0D0CF /* Frameworks */ = {
			isa = PBXFrameworksBuildPhase;
			buildActionMask = 2147483647;
			files = (
			);
			runOnlyForDeploymentPostprocessing = 0;
		};
		F942AD872A48D2AB00A0D0CF /* Frameworks */ = {
			isa = PBXFrameworksBuildPhase;
			buildActionMask = 2147483647;
			files = (
			);
			runOnlyForDeploymentPostprocessing = 0;
		};
		F942AD912A48D2AB00A0D0CF /* Frameworks */ = {
			isa = PBXFrameworksBuildPhase;
			buildActionMask = 2147483647;
			files = (
			);
			runOnlyForDeploymentPostprocessing = 0;
		};
/* End PBXFrameworksBuildPhase section */

/* Begin PBXGroup section */
		F942AD6B2A48D2AA00A0D0CF = {
			isa = PBXGroup;
			children = (
				F942AD762A48D2AA00A0D0CF /* TheDogApp */,
				F942AD8D2A48D2AB00A0D0CF /* TheDogAppTests */,
				F942AD972A48D2AB00A0D0CF /* TheDogAppUITests */,
				F942AD752A48D2AA00A0D0CF /* Products */,
			);
			sourceTree = "<group>";
		};
		F942AD752A48D2AA00A0D0CF /* Products */ = {
			isa = PBXGroup;
			children = (
				F942AD742A48D2AA00A0D0CF /* TheDogApp.app */,
				F942AD8A2A48D2AB00A0D0CF /* TheDogAppTests.xctest */,
				F942AD942A48D2AB00A0D0CF /* TheDogAppUITests.xctest */,
			);
			name = Products;
			sourceTree = "<group>";
		};
		F942AD762A48D2AA00A0D0CF /* TheDogApp */ = {
			isa = PBXGroup;
			children = (
				F942ADAA2A48D3C700A0D0CF /* SceneDelegate */,
				F942ADA92A48D38100A0D0CF /* AppDelegate */,
				F942ADA82A48D37300A0D0CF /* LaunchScreen */,
				F942AD7B2A48D2AA00A0D0CF /* ViewController.swift */,
				F942AD852A48D2AB00A0D0CF /* Info.plist */,
				F942AD802A48D2AB00A0D0CF /* Assets.xcassets */,
			);
			path = TheDogApp;
			sourceTree = "<group>";
		};
		F942AD8D2A48D2AB00A0D0CF /* TheDogAppTests */ = {
			isa = PBXGroup;
			children = (
				F942AD8E2A48D2AB00A0D0CF /* TheDogAppTests.swift */,
			);
			path = TheDogAppTests;
			sourceTree = "<group>";
		};
		F942AD972A48D2AB00A0D0CF /* TheDogAppUITests */ = {
			isa = PBXGroup;
			children = (
				F942AD982A48D2AB00A0D0CF /* TheDogAppUITests.swift */,
				F942AD9A2A48D2AB00A0D0CF /* TheDogAppUITestsLaunchTests.swift */,
			);
			path = TheDogAppUITests;
			sourceTree = "<group>";
		};
		F942ADA82A48D37300A0D0CF /* LaunchScreen */ = {
			isa = PBXGroup;
			children = (
				F942AD822A48D2AB00A0D0CF /* LaunchScreen.storyboard */,
			);
			path = LaunchScreen;
			sourceTree = "<group>";
		};
		F942ADA92A48D38100A0D0CF /* AppDelegate */ = {
			isa = PBXGroup;
			children = (
				F942AD772A48D2AA00A0D0CF /* AppDelegate.swift */,
			);
			path = AppDelegate;
			sourceTree = "<group>";
		};
		F942ADAA2A48D3C700A0D0CF /* SceneDelegate */ = {
			isa = PBXGroup;
			children = (
				F942AD792A48D2AA00A0D0CF /* SceneDelegate.swift */,
			);
			path = SceneDelegate;
			sourceTree = "<group>";
		};
/* End PBXGroup section */

/* Begin PBXNativeTarget section */
		F942AD732A48D2AA00A0D0CF /* TheDogApp */ = {
			isa = PBXNativeTarget;
			buildConfigurationList = F942AD9E2A48D2AB00A0D0CF /* Build configuration list for PBXNativeTarget "TheDogApp" */;
			buildPhases = (
				F942AD702A48D2AA00A0D0CF /* Sources */,
				F942AD712A48D2AA00A0D0CF /* Frameworks */,
				F942AD722A48D2AA00A0D0CF /* Resources */,
			);
			buildRules = (
			);
			dependencies = (
			);
			name = TheDogApp;
			productName = TheDogApp;
			productReference = F942AD742A48D2AA00A0D0CF /* TheDogApp.app */;
			productType = "com.apple.product-type.application";
		};
		F942AD892A48D2AB00A0D0CF /* TheDogAppTests */ = {
			isa = PBXNativeTarget;
			buildConfigurationList = F942ADA12A48D2AB00A0D0CF /* Build configuration list for PBXNativeTarget "TheDogAppTests" */;
			buildPhases = (
				F942AD862A48D2AB00A0D0CF /* Sources */,
				F942AD872A48D2AB00A0D0CF /* Frameworks */,
				F942AD882A48D2AB00A0D0CF /* Resources */,
			);
			buildRules = (
			);
			dependencies = (
				F942AD8C2A48D2AB00A0D0CF /* PBXTargetDependency */,
			);
			name = TheDogAppTests;
			productName = TheDogAppTests;
			productReference = F942AD8A2A48D2AB00A0D0CF /* TheDogAppTests.xctest */;
			productType = "com.apple.product-type.bundle.unit-test";
		};
		F942AD932A48D2AB00A0D0CF /* TheDogAppUITests */ = {
			isa = PBXNativeTarget;
			buildConfigurationList = F942ADA42A48D2AB00A0D0CF /* Build configuration list for PBXNativeTarget "TheDogAppUITests" */;
			buildPhases = (
				F942AD902A48D2AB00A0D0CF /* Sources */,
				F942AD912A48D2AB00A0D0CF /* Frameworks */,
				F942AD922A48D2AB00A0D0CF /* Resources */,
			);
			buildRules = (
			);
			dependencies = (
				F942AD962A48D2AB00A0D0CF /* PBXTargetDependency */,
			);
			name = TheDogAppUITests;
			productName = TheDogAppUITests;
			productReference = F942AD942A48D2AB00A0D0CF /* TheDogAppUITests.xctest */;
			productType = "com.apple.product-type.bundle.ui-testing";
		};
/* End PBXNativeTarget section */

/* Begin PBXProject section */
		F942AD6C2A48D2AA00A0D0CF /* Project object */ = {
			isa = PBXProject;
			attributes = {
				BuildIndependentTargetsInParallel = 1;
				LastSwiftUpdateCheck = 1430;
				LastUpgradeCheck = 1430;
				TargetAttributes = {
					F942AD732A48D2AA00A0D0CF = {
						CreatedOnToolsVersion = 14.3;
					};
					F942AD892A48D2AB00A0D0CF = {
						CreatedOnToolsVersion = 14.3;
						TestTargetID = F942AD732A48D2AA00A0D0CF;
					};
					F942AD932A48D2AB00A0D0CF = {
						CreatedOnToolsVersion = 14.3;
						TestTargetID = F942AD732A48D2AA00A0D0CF;
					};
				};
			};
			buildConfigurationList = F942AD6F2A48D2AA00A0D0CF /* Build configuration list for PBXProject "TheDogApp" */;
			compatibilityVersion = "Xcode 14.0";
			developmentRegion = en;
			hasScannedForEncodings = 0;
			knownRegions = (
				en,
				Base,
			);
			mainGroup = F942AD6B2A48D2AA00A0D0CF;
			productRefGroup = F942AD752A48D2AA00A0D0CF /* Products */;
			projectDirPath = "";
			projectRoot = "";
			targets = (
				F942AD732A48D2AA00A0D0CF /* TheDogApp */,
				F942AD892A48D2AB00A0D0CF /* TheDogAppTests */,
				F942AD932A48D2AB00A0D0CF /* TheDogAppUITests */,
			);
		};
/* End PBXProject section */

/* Begin PBXResourcesBuildPhase section */
		F942AD722A48D2AA00A0D0CF /* Resources */ = {
			isa = PBXResourcesBuildPhase;
			buildActionMask = 2147483647;
			files = (
				F942AD842A48D2AB00A0D0CF /* LaunchScreen.storyboard in Resources */,
				F942AD812A48D2AB00A0D0CF /* Assets.xcassets in Resources */,
			);
			runOnlyForDeploymentPostprocessing = 0;
		};
		F942AD882A48D2AB00A0D0CF /* Resources */ = {
			isa = PBXResourcesBuildPhase;
			buildActionMask = 2147483647;
			files = (
			);
			runOnlyForDeploymentPostprocessing = 0;
		};
		F942AD922A48D2AB00A0D0CF /* Resources */ = {
			isa = PBXResourcesBuildPhase;
			buildActionMask = 2147483647;
			files = (
			);
			runOnlyForDeploymentPostprocessing = 0;
		};
/* End PBXResourcesBuildPhase section */

/* Begin PBXSourcesBuildPhase section */
		F942AD702A48D2AA00A0D0CF /* Sources */ = {
			isa = PBXSourcesBuildPhase;
			buildActionMask = 2147483647;
			files = (
				F942AD7C2A48D2AA00A0D0CF /* ViewController.swift in Sources */,
				F942AD782A48D2AA00A0D0CF /* AppDelegate.swift in Sources */,
				F942AD7A2A48D2AA00A0D0CF /* SceneDelegate.swift in Sources */,
			);
			runOnlyForDeploymentPostprocessing = 0;
		};
		F942AD862A48D2AB00A0D0CF /* Sources */ = {
			isa = PBXSourcesBuildPhase;
			buildActionMask = 2147483647;
			files = (
				F942AD8F2A48D2AB00A0D0CF /* TheDogAppTests.swift in Sources */,
			);
			runOnlyForDeploymentPostprocessing = 0;
		};
		F942AD902A48D2AB00A0D0CF /* Sources */ = {
			isa = PBXSourcesBuildPhase;
			buildActionMask = 2147483647;
			files = (
				F942AD992A48D2AB00A0D0CF /* TheDogAppUITests.swift in Sources */,
				F942AD9B2A48D2AB00A0D0CF /* TheDogAppUITestsLaunchTests.swift in Sources */,
			);
			runOnlyForDeploymentPostprocessing = 0;
		};
/* End PBXSourcesBuildPhase section */

/* Begin PBXTargetDependency section */
		F942AD8C2A48D2AB00A0D0CF /* PBXTargetDependency */ = {
			isa = PBXTargetDependency;
			target = F942AD732A48D2AA00A0D0CF /* TheDogApp */;
			targetProxy = F942AD8B2A48D2AB00A0D0CF /* PBXContainerItemProxy */;
		};
		F942AD962A48D2AB00A0D0CF /* PBXTargetDependency */ = {
			isa = PBXTargetDependency;
			target = F942AD732A48D2AA00A0D0CF /* TheDogApp */;
			targetProxy = F942AD952A48D2AB00A0D0CF /* PBXContainerItemProxy */;
		};
/* End PBXTargetDependency section */

/* Begin PBXVariantGroup section */
		F942AD822A48D2AB00A0D0CF /* LaunchScreen.storyboard */ = {
			isa = PBXVariantGroup;
			children = (
				F942AD832A48D2AB00A0D0CF /* Base */,
			);
			name = LaunchScreen.storyboard;
			sourceTree = "<group>";
		};
/* End PBXVariantGroup section */

/* Begin XCBuildConfiguration section */
		F942AD9C2A48D2AB00A0D0CF /* Debug */ = {
			isa = XCBuildConfiguration;
			buildSettings = {
				ALWAYS_SEARCH_USER_PATHS = NO;
				CLANG_ANALYZER_NONNULL = YES;
				CLANG_ANALYZER_NUMBER_OBJECT_CONVERSION = YES_AGGRESSIVE;
				CLANG_CXX_LANGUAGE_STANDARD = "gnu++20";
				CLANG_ENABLE_MODULES = YES;
				CLANG_ENABLE_OBJC_ARC = YES;
				CLANG_ENABLE_OBJC_WEAK = YES;
				CLANG_WARN_BLOCK_CAPTURE_AUTORELEASING = YES;
				CLANG_WARN_BOOL_CONVERSION = YES;
				CLANG_WARN_COMMA = YES;
				CLANG_WARN_CONSTANT_CONVERSION = YES;
				CLANG_WARN_DEPRECATED_OBJC_IMPLEMENTATIONS = YES;
				CLANG_WARN_DIRECT_OBJC_ISA_USAGE = YES_ERROR;
				CLANG_WARN_DOCUMENTATION_COMMENTS = YES;
				CLANG_WARN_EMPTY_BODY = YES;
				CLANG_WARN_ENUM_CONVERSION = YES;
				CLANG_WARN_INFINITE_RECURSION = YES;
				CLANG_WARN_INT_CONVERSION = YES;
				CLANG_WARN_NON_LITERAL_NULL_CONVERSION = YES;
				CLANG_WARN_OBJC_IMPLICIT_RETAIN_SELF = YES;
				CLANG_WARN_OBJC_LITERAL_CONVERSION = YES;
				CLANG_WARN_OBJC_ROOT_CLASS = YES_ERROR;
				CLANG_WARN_QUOTED_INCLUDE_IN_FRAMEWORK_HEADER = YES;
				CLANG_WARN_RANGE_LOOP_ANALYSIS = YES;
				CLANG_WARN_STRICT_PROTOTYPES = YES;
				CLANG_WARN_SUSPICIOUS_MOVE = YES;
				CLANG_WARN_UNGUARDED_AVAILABILITY = YES_AGGRESSIVE;
				CLANG_WARN_UNREACHABLE_CODE = YES;
				CLANG_WARN__DUPLICATE_METHOD_MATCH = YES;
				COPY_PHASE_STRIP = NO;
				DEBUG_INFORMATION_FORMAT = dwarf;
				ENABLE_STRICT_OBJC_MSGSEND = YES;
				ENABLE_TESTABILITY = YES;
				GCC_C_LANGUAGE_STANDARD = gnu11;
				GCC_DYNAMIC_NO_PIC = NO;
				GCC_NO_COMMON_BLOCKS = YES;
				GCC_OPTIMIZATION_LEVEL = 0;
				GCC_PREPROCESSOR_DEFINITIONS = (
					"DEBUG=1",
					"$(inherited)",
				);
				GCC_WARN_64_TO_32_BIT_CONVERSION = YES;
				GCC_WARN_ABOUT_RETURN_TYPE = YES_ERROR;
				GCC_WARN_UNDECLARED_SELECTOR = YES;
				GCC_WARN_UNINITIALIZED_AUTOS = YES_AGGRESSIVE;
				GCC_WARN_UNUSED_FUNCTION = YES;
				GCC_WARN_UNUSED_VARIABLE = YES;
				IPHONEOS_DEPLOYMENT_TARGET = 16.4;
				MTL_ENABLE_DEBUG_INFO = INCLUDE_SOURCE;
				MTL_FAST_MATH = YES;
				ONLY_ACTIVE_ARCH = YES;
				SDKROOT = iphoneos;
				SWIFT_ACTIVE_COMPILATION_CONDITIONS = DEBUG;
				SWIFT_OPTIMIZATION_LEVEL = "-Onone";
			};
			name = Debug;
		};
		F942AD9D2A48D2AB00A0D0CF /* Release */ = {
			isa = XCBuildConfiguration;
			buildSettings = {
				ALWAYS_SEARCH_USER_PATHS = NO;
				CLANG_ANALYZER_NONNULL = YES;
				CLANG_ANALYZER_NUMBER_OBJECT_CONVERSION = YES_AGGRESSIVE;
				CLANG_CXX_LANGUAGE_STANDARD = "gnu++20";
				CLANG_ENABLE_MODULES = YES;
				CLANG_ENABLE_OBJC_ARC = YES;
				CLANG_ENABLE_OBJC_WEAK = YES;
				CLANG_WARN_BLOCK_CAPTURE_AUTORELEASING = YES;
				CLANG_WARN_BOOL_CONVERSION = YES;
				CLANG_WARN_COMMA = YES;
				CLANG_WARN_CONSTANT_CONVERSION = YES;
				CLANG_WARN_DEPRECATED_OBJC_IMPLEMENTATIONS = YES;
				CLANG_WARN_DIRECT_OBJC_ISA_USAGE = YES_ERROR;
				CLANG_WARN_DOCUMENTATION_COMMENTS = YES;
				CLANG_WARN_EMPTY_BODY = YES;
				CLANG_WARN_ENUM_CONVERSION = YES;
				CLANG_WARN_INFINITE_RECURSION = YES;
				CLANG_WARN_INT_CONVERSION = YES;
				CLANG_WARN_NON_LITERAL_NULL_CONVERSION = YES;
				CLANG_WARN_OBJC_IMPLICIT_RETAIN_SELF = YES;
				CLANG_WARN_OBJC_LITERAL_CONVERSION = YES;
				CLANG_WARN_OBJC_ROOT_CLASS = YES_ERROR;
				CLANG_WARN_QUOTED_INCLUDE_IN_FRAMEWORK_HEADER = YES;
				CLANG_WARN_RANGE_LOOP_ANALYSIS = YES;
				CLANG_WARN_STRICT_PROTOTYPES = YES;
				CLANG_WARN_SUSPICIOUS_MOVE = YES;
				CLANG_WARN_UNGUARDED_AVAILABILITY = YES_AGGRESSIVE;
				CLANG_WARN_UNREACHABLE_CODE = YES;
				CLANG_WARN__DUPLICATE_METHOD_MATCH = YES;
				COPY_PHASE_STRIP = NO;
				DEBUG_INFORMATION_FORMAT = "dwarf-with-dsym";
				ENABLE_NS_ASSERTIONS = NO;
				ENABLE_STRICT_OBJC_MSGSEND = YES;
				GCC_C_LANGUAGE_STANDARD = gnu11;
				GCC_NO_COMMON_BLOCKS = YES;
				GCC_WARN_64_TO_32_BIT_CONVERSION = YES;
				GCC_WARN_ABOUT_RETURN_TYPE = YES_ERROR;
				GCC_WARN_UNDECLARED_SELECTOR = YES;
				GCC_WARN_UNINITIALIZED_AUTOS = YES_AGGRESSIVE;
				GCC_WARN_UNUSED_FUNCTION = YES;
				GCC_WARN_UNUSED_VARIABLE = YES;
				IPHONEOS_DEPLOYMENT_TARGET = 16.4;
				MTL_ENABLE_DEBUG_INFO = NO;
				MTL_FAST_MATH = YES;
				SDKROOT = iphoneos;
				SWIFT_COMPILATION_MODE = wholemodule;
				SWIFT_OPTIMIZATION_LEVEL = "-O";
				VALIDATE_PRODUCT = YES;
			};
			name = Release;
		};
		F942AD9F2A48D2AB00A0D0CF /* Debug */ = {
			isa = XCBuildConfiguration;
			buildSettings = {
				ASSETCATALOG_COMPILER_APPICON_NAME = AppIcon;
				ASSETCATALOG_COMPILER_GLOBAL_ACCENT_COLOR_NAME = AccentColor;
				CODE_SIGN_STYLE = Automatic;
				CURRENT_PROJECT_VERSION = 1;
				DEVELOPMENT_TEAM = PRM3GGQZ3D;
				GENERATE_INFOPLIST_FILE = YES;
				INFOPLIST_FILE = TheDogApp/Info.plist;
				INFOPLIST_KEY_UIApplicationSupportsIndirectInputEvents = YES;
				INFOPLIST_KEY_UILaunchStoryboardName = LaunchScreen;
				INFOPLIST_KEY_UISupportedInterfaceOrientations_iPad = "UIInterfaceOrientationPortrait UIInterfaceOrientationPortraitUpsideDown UIInterfaceOrientationLandscapeLeft UIInterfaceOrientationLandscapeRight";
				INFOPLIST_KEY_UISupportedInterfaceOrientations_iPhone = "UIInterfaceOrientationPortrait UIInterfaceOrientationLandscapeLeft UIInterfaceOrientationLandscapeRight";
				LD_RUNPATH_SEARCH_PATHS = (
					"$(inherited)",
					"@executable_path/Frameworks",
				);
				MARKETING_VERSION = 1.0;
				PRODUCT_BUNDLE_IDENTIFIER = com.dezouzart.TheDogApp;
				PRODUCT_NAME = "$(TARGET_NAME)";
				SWIFT_EMIT_LOC_STRINGS = YES;
				SWIFT_VERSION = 5.0;
				TARGETED_DEVICE_FAMILY = "1,2";
			};
			name = Debug;
		};
		F942ADA02A48D2AB00A0D0CF /* Release */ = {
			isa = XCBuildConfiguration;
			buildSettings = {
				ASSETCATALOG_COMPILER_APPICON_NAME = AppIcon;
				ASSETCATALOG_COMPILER_GLOBAL_ACCENT_COLOR_NAME = AccentColor;
				CODE_SIGN_STYLE = Automatic;
				CURRENT_PROJECT_VERSION = 1;
				DEVELOPMENT_TEAM = PRM3GGQZ3D;
				GENERATE_INFOPLIST_FILE = YES;
				INFOPLIST_FILE = TheDogApp/Info.plist;
				INFOPLIST_KEY_UIApplicationSupportsIndirectInputEvents = YES;
				INFOPLIST_KEY_UILaunchStoryboardName = LaunchScreen;
				INFOPLIST_KEY_UISupportedInterfaceOrientations_iPad = "UIInterfaceOrientationPortrait UIInterfaceOrientationPortraitUpsideDown UIInterfaceOrientationLandscapeLeft UIInterfaceOrientationLandscapeRight";
				INFOPLIST_KEY_UISupportedInterfaceOrientations_iPhone = "UIInterfaceOrientationPortrait UIInterfaceOrientationLandscapeLeft UIInterfaceOrientationLandscapeRight";
				LD_RUNPATH_SEARCH_PATHS = (
					"$(inherited)",
					"@executable_path/Frameworks",
				);
				MARKETING_VERSION = 1.0;
				PRODUCT_BUNDLE_IDENTIFIER = com.dezouzart.TheDogApp;
				PRODUCT_NAME = "$(TARGET_NAME)";
				SWIFT_EMIT_LOC_STRINGS = YES;
				SWIFT_VERSION = 5.0;
				TARGETED_DEVICE_FAMILY = "1,2";
			};
			name = Release;
		};
		F942ADA22A48D2AB00A0D0CF /* Debug */ = {
			isa = XCBuildConfiguration;
			buildSettings = {
				ALWAYS_EMBED_SWIFT_STANDARD_LIBRARIES = YES;
				BUNDLE_LOADER = "$(TEST_HOST)";
				CODE_SIGN_STYLE = Automatic;
				CURRENT_PROJECT_VERSION = 1;
				DEVELOPMENT_TEAM = PRM3GGQZ3D;
				GENERATE_INFOPLIST_FILE = YES;
				IPHONEOS_DEPLOYMENT_TARGET = 16.4;
				MARKETING_VERSION = 1.0;
				PRODUCT_BUNDLE_IDENTIFIER = com.dezouzart.TheDogAppTests;
				PRODUCT_NAME = "$(TARGET_NAME)";
				SWIFT_EMIT_LOC_STRINGS = NO;
				SWIFT_VERSION = 5.0;
				TARGETED_DEVICE_FAMILY = "1,2";
				TEST_HOST = "$(BUILT_PRODUCTS_DIR)/TheDogApp.app/$(BUNDLE_EXECUTABLE_FOLDER_PATH)/TheDogApp";
			};
			name = Debug;
		};
		F942ADA32A48D2AB00A0D0CF /* Release */ = {
			isa = XCBuildConfiguration;
			buildSettings = {
				ALWAYS_EMBED_SWIFT_STANDARD_LIBRARIES = YES;
				BUNDLE_LOADER = "$(TEST_HOST)";
				CODE_SIGN_STYLE = Automatic;
				CURRENT_PROJECT_VERSION = 1;
				DEVELOPMENT_TEAM = PRM3GGQZ3D;
				GENERATE_INFOPLIST_FILE = YES;
				IPHONEOS_DEPLOYMENT_TARGET = 16.4;
				MARKETING_VERSION = 1.0;
				PRODUCT_BUNDLE_IDENTIFIER = com.dezouzart.TheDogAppTests;
				PRODUCT_NAME = "$(TARGET_NAME)";
				SWIFT_EMIT_LOC_STRINGS = NO;
				SWIFT_VERSION = 5.0;
				TARGETED_DEVICE_FAMILY = "1,2";
				TEST_HOST = "$(BUILT_PRODUCTS_DIR)/TheDogApp.app/$(BUNDLE_EXECUTABLE_FOLDER_PATH)/TheDogApp";
			};
			name = Release;
		};
		F942ADA52A48D2AB00A0D0CF /* Debug */ = {
			isa = XCBuildConfiguration;
			buildSettings = {
				ALWAYS_EMBED_SWIFT_STANDARD_LIBRARIES = YES;
				CODE_SIGN_STYLE = Automatic;
				CURRENT_PROJECT_VERSION = 1;
				DEVELOPMENT_TEAM = PRM3GGQZ3D;
				GENERATE_INFOPLIST_FILE = YES;
				MARKETING_VERSION = 1.0;
				PRODUCT_BUNDLE_IDENTIFIER = com.dezouzart.TheDogAppUITests;
				PRODUCT_NAME = "$(TARGET_NAME)";
				SWIFT_EMIT_LOC_STRINGS = NO;
				SWIFT_VERSION = 5.0;
				TARGETED_DEVICE_FAMILY = "1,2";
				TEST_TARGET_NAME = TheDogApp;
			};
			name = Debug;
		};
		F942ADA62A48D2AB00A0D0CF /* Release */ = {
			isa = XCBuildConfiguration;
			buildSettings = {
				ALWAYS_EMBED_SWIFT_STANDARD_LIBRARIES = YES;
				CODE_SIGN_STYLE = Automatic;
				CURRENT_PROJECT_VERSION = 1;
				DEVELOPMENT_TEAM = PRM3GGQZ3D;
				GENERATE_INFOPLIST_FILE = YES;
				MARKETING_VERSION = 1.0;
				PRODUCT_BUNDLE_IDENTIFIER = com.dezouzart.TheDogAppUITests;
				PRODUCT_NAME = "$(TARGET_NAME)";
				SWIFT_EMIT_LOC_STRINGS = NO;
				SWIFT_VERSION = 5.0;
				TARGETED_DEVICE_FAMILY = "1,2";
				TEST_TARGET_NAME = TheDogApp;
			};
			name = Release;
		};
/* End XCBuildConfiguration section */

/* Begin XCConfigurationList section */
		F942AD6F2A48D2AA00A0D0CF /* Build configuration list for PBXProject "TheDogApp" */ = {
			isa = XCConfigurationList;
			buildConfigurations = (
				F942AD9C2A48D2AB00A0D0CF /* Debug */,
				F942AD9D2A48D2AB00A0D0CF /* Release */,
			);
			defaultConfigurationIsVisible = 0;
			defaultConfigurationName = Release;
		};
		F942AD9E2A48D2AB00A0D0CF /* Build configuration list for PBXNativeTarget "TheDogApp" */ = {
			isa = XCConfigurationList;
			buildConfigurations = (
				F942AD9F2A48D2AB00A0D0CF /* Debug */,
				F942ADA02A48D2AB00A0D0CF /* Release */,
			);
			defaultConfigurationIsVisible = 0;
			defaultConfigurationName = Release;
		};
		F942ADA12A48D2AB00A0D0CF /* Build configuration list for PBXNativeTarget "TheDogAppTests" */ = {
			isa = XCConfigurationList;
			buildConfigurations = (
				F942ADA22A48D2AB00A0D0CF /* Debug */,
				F942ADA32A48D2AB00A0D0CF /* Release */,
			);
			defaultConfigurationIsVisible = 0;
			defaultConfigurationName = Release;
		};
		F942ADA42A48D2AB00A0D0CF /* Build configuration list for PBXNativeTarget "TheDogAppUITests" */ = {
			isa = XCConfigurationList;
			buildConfigurations = (
				F942ADA52A48D2AB00A0D0CF /* Debug */,
				F942ADA62A48D2AB00A0D0CF /* Release */,
			);
			defaultConfigurationIsVisible = 0;
			defaultConfigurationName = Release;
		};
/* End XCConfigurationList section */
	};
	rootObject = F942AD6C2A48D2AA00A0D0CF /* Project object */;
}
